
Microsoft Visual Studio Solution File, Format Version 12.00
# Visual Studio Version 17
VisualStudioVersion = 17.11.35222.181
MinimumVisualStudioVersion = 10.0.40219.1
Project("{FAE04EC0-301F-11D3-BF4B-00C04F79EFBC}") = "TP1", "TP1\TP1.csproj", "{E31DC1DA-B196-4F90-B874-C93D50EBB73D}"
EndProject
Global
	GlobalSection(SolutionConfigurationPlatforms) = preSolution
		Debug|Any CPU = Debug|Any CPU
		Release|Any CPU = Release|Any CPU
	EndGlobalSection
	GlobalSection(ProjectConfigurationPlatforms) = postSolution
		{E31DC1DA-B196-4F90-B874-C93D50EBB73D}.Debug|Any CPU.ActiveCfg = Debug|Any CPU
		{E31DC1DA-B196-4F90-B874-C93D50EBB73D}.Debug|Any CPU.Build.0 = Debug|Any CPU
		{E31DC1DA-B196-4F90-B874-C93D50EBB73D}.Release|Any CPU.ActiveCfg = Release|Any CPU
		{E31DC1DA-B196-4F90-B874-C93D50EBB73D}.Release|Any CPU.Build.0 = Release|Any CPU
	EndGlobalSection
	GlobalSection(SolutionProperties) = preSolution
		HideSolutionNode = FALSE
	EndGlobalSection
	GlobalSection(ExtensibilityGlobals) = postSolution
		SolutionGuid = {F6C2F0E2-551D-47B3-8AE8-DE7FFCB99D9B}
	EndGlobalSection
EndGlobal
